
Microsoft Visual Studio Solution File, Format Version 12.00
Project("{FAE04EC0-301F-11D3-BF4B-00C04F79EFBC}") = "StoreManager.API", "StoreManager.API\StoreManager.API.csproj", "{39327260-A91F-4E72-BD3E-96040AB2483C}"
EndProject
Global
	GlobalSection(SolutionConfigurationPlatforms) = preSolution
		Debug|Any CPU = Debug|Any CPU
		Release|Any CPU = Release|Any CPU
	EndGlobalSection
	GlobalSection(ProjectConfigurationPlatforms) = postSolution
		{39327260-A91F-4E72-BD3E-96040AB2483C}.Debug|Any CPU.ActiveCfg = Debug|Any CPU
		{39327260-A91F-4E72-BD3E-96040AB2483C}.Debug|Any CPU.Build.0 = Debug|Any CPU
		{39327260-A91F-4E72-BD3E-96040AB2483C}.Release|Any CPU.ActiveCfg = Release|Any CPU
		{39327260-A91F-4E72-BD3E-96040AB2483C}.Release|Any CPU.Build.0 = Release|Any CPU
	EndGlobalSection
EndGlobal
